{
  "name": "lms",
  "version": "1.0.0",
  "lockfileVersion": 3,
  "requires": true,
  "packages": {
    "": {
      "name": "lms",
      "version": "1.0.0",
      "license": "ISC",
      "workspaces": [
        "packages/*"
      ]
    },
    "node_modules/@lms/api": {
      "resolved": "packages/api",
      "link": true
    },
    "node_modules/@lms/frontend": {
      "resolved": "packages/frontend",
      "link": true
    },
    "packages/api": {
      "name": "@lms/api",
      "version": "1.0.0",
      "license": "ISC"
    },
    "packages/frontend": {
      "name": "@lms/frontend",
      "version": "1.0.0",
      "license": "ISC"
    }
  }
}
